# THIS IS AN AUTOGENERATED FILE. DO NOT EDIT THIS FILE DIRECTLY.
# yarn lockfile v1


"@types/axios@^0.14.0":
  version "0.14.0"
  resolved "https://r.cnpmjs.org/@types/axios/download/@types/axios-0.14.0.tgz#ec2300fbe7d7dddd7eb9d3abf87999964cafce46"
  integrity sha1-7CMA++fX3d1+udOr+HmZlkyvzkY=
  dependencies:
    axios "*"

"@types/bluebird@^3.5.24":
  version "3.5.24"
  resolved "https://r.cnpmjs.org/@types/bluebird/download/@types/bluebird-3.5.24.tgz#11f76812531c14f793b8ecbf1de96f672905de8a"
  integrity sha1-EfdoElMcFPeTuOy/HelvZykF3oo=

"@types/lodash@^4.14.117":
  version "4.14.117"
  resolved "https://r.cnpmjs.org/@types/lodash/download/@types/lodash-4.14.117.tgz#695a7f514182771a1e0f4345d189052ee33c8778"
  integrity sha1-aVp/UUGCdxoeD0NF0YkFLuM8h3g=

"@types/node@^10.12.0":
  version "10.12.0"
  resolved "https://r.cnpmjs.org/@types/node/download/@types/node-10.12.0.tgz#ea6dcbddbc5b584c83f06c60e82736d8fbb0c235"
  integrity sha1-6m3L3bxbWEyD8Gxg6Cc22PuwwjU=

arrify@^1.0.0:
  version "1.0.1"
  resolved "https://r.cnpmjs.org/arrify/download/arrify-1.0.1.tgz#898508da2226f380df904728456849c1501a4b0d"
  integrity sha1-iYUI2iIm84DfkEcoRWhJwVAaSw0=

axios@*, axios@^0.18.0:
  version "0.18.0"
  resolved "https://r.cnpmjs.org/axios/download/axios-0.18.0.tgz#32d53e4851efdc0a11993b6cd000789d70c05102"
  integrity sha1-MtU+SFHv3AoRmTts0AB4nXDAUQI=
  dependencies:
    follow-redirects "^1.3.0"
    is-buffer "^1.1.5"

bluebird@^3.5.2:
  version "3.5.2"
  resolved "https://r.cnpmjs.org/bluebird/download/bluebird-3.5.2.tgz#1be0908e054a751754549c270489c1505d4ab15a"
  integrity sha1-G+CQjgVKdRdUVJwnBInBUF1KsVo=

buffer-from@^1.0.0, buffer-from@^1.1.0:
  version "1.1.1"
  resolved "https://r.cnpmjs.org/buffer-from/download/buffer-from-1.1.1.tgz#32713bc028f75c02fdb710d7c7bcec1f2c6070ef"
  integrity sha1-MnE7wCj3XAL9txDXx7zsHyxgcO8=

debug@=3.1.0:
  version "3.1.0"
  resolved "https://r.cnpmjs.org/debug/download/debug-3.1.0.tgz#5bb5a0672628b64149566ba16819e61518c67261"
  integrity sha1-W7WgZyYotkFJVmuhaBnmFRjGcmE=
  dependencies:
    ms "2.0.0"

diff@^3.1.0:
  version "3.5.0"
  resolved "https://r.cnpmjs.org/diff/download/diff-3.5.0.tgz#800c0dd1e0a8bfbc95835c202ad220fe317e5a12"
  integrity sha1-gAwN0eCov7yVg1wgKtIg/jF+WhI=

follow-redirects@^1.3.0:
  version "1.5.9"
  resolved "https://r.cnpmjs.org/follow-redirects/download/follow-redirects-1.5.9.tgz#c9ed9d748b814a39535716e531b9196a845d89c6"
  integrity sha1-ye2ddIuBSjlTVxblMbkZaoRdicY=
  dependencies:
    debug "=3.1.0"

is-buffer@^1.1.5:
  version "1.1.6"
  resolved "https://r.cnpmjs.org/is-buffer/download/is-buffer-1.1.6.tgz#efaa2ea9daa0d7ab2ea13a97b2b8ad51fefbe8be"
  integrity sha1-76ouqdqg16suoTqXsritUf776L4=

lodash@^4.17.13:
  version "4.17.13"
  resolved "https://registry.yarnpkg.com/lodash/-/lodash-4.17.13.tgz#0bdc3a6adc873d2f4e0c4bac285df91b64fc7b93"
  integrity sha512-vm3/XWXfWtRua0FkUyEHBZy8kCPjErNBT9fJx8Zvs+U6zjqPbTUOpkaoum3O5uiA8sm+yNMHXfYkTUHFoMxFNA==

make-error@^1.1.1:
  version "1.3.5"
  resolved "https://r.cnpmjs.org/make-error/download/make-error-1.3.5.tgz#efe4e81f6db28cadd605c70f29c831b58ef776c8"
  integrity sha1-7+ToH22yjK3WBccPKcgxtY73dsg=

minimist@0.0.8:
  version "0.0.8"
  resolved "https://r.cnpmjs.org/minimist/download/minimist-0.0.8.tgz#857fcabfc3397d2625b8228262e86aa7a011b05d"
  integrity sha1-hX/Kv8M5fSYluCKCYuhqp6ARsF0=

minimist@^1.2.0:
  version "1.2.0"
  resolved "https://r.cnpmjs.org/minimist/download/minimist-1.2.0.tgz#a35008b20f41383eec1fb914f4cd5df79a264284"
  integrity sha1-o1AIsg9BOD7sH7kU9M1d95omQoQ=

mkdirp@^0.5.1:
  version "0.5.1"
  resolved "https://r.cnpmjs.org/mkdirp/download/mkdirp-0.5.1.tgz#30057438eac6cf7f8c4767f38648d6697d75c903"
  integrity sha1-MAV0OOrGz3+MR2fzhkjWaX11yQM=
  dependencies:
    minimist "0.0.8"

ms@2.0.0:
  version "2.0.0"
  resolved "https://r.cnpmjs.org/ms/download/ms-2.0.0.tgz#5608aeadfc00be6c2901df5f9861788de0d597c8"
  integrity sha1-VgiurfwAvmwpAd9fmGF4jeDVl8g=

source-map-support@^0.5.6:
  version "0.5.9"
  resolved "https://r.cnpmjs.org/source-map-support/download/source-map-support-0.5.9.tgz#41bc953b2534267ea2d605bccfa7bfa3111ced5f"
  integrity sha1-QbyVOyU0Jn6i1gW8z6e/oxEc7V8=
  dependencies:
    buffer-from "^1.0.0"
    source-map "^0.6.0"

source-map@^0.6.0:
  version "0.6.1"
  resolved "https://r.cnpmjs.org/source-map/download/source-map-0.6.1.tgz#74722af32e9614e9c287a8d0bbde48b5e2f1a263"
  integrity sha1-dHIq8y6WFOnCh6jQu95IteLxomM=

ts-node@^7.0.1:
  version "7.0.1"
  resolved "https://r.cnpmjs.org/ts-node/download/ts-node-7.0.1.tgz#9562dc2d1e6d248d24bc55f773e3f614337d9baf"
  integrity sha1-lWLcLR5tJI0kvFX3c+P2FDN9m68=
  dependencies:
    arrify "^1.0.0"
    buffer-from "^1.1.0"
    diff "^3.1.0"
    make-error "^1.1.1"
    minimist "^1.2.0"
    mkdirp "^0.5.1"
    source-map-support "^0.5.6"
    yn "^2.0.0"

typescript@^3.1.3:
  version "3.1.3"
  resolved "https://r.cnpmjs.org/typescript/download/typescript-3.1.3.tgz#01b70247a6d3c2467f70c45795ef5ea18ce191d5"
  integrity sha1-AbcCR6bTwkZ/cMRXle9eoYzhkdU=

yn@^2.0.0:
  version "2.0.0"
  resolved "https://r.cnpmjs.org/yn/download/yn-2.0.0.tgz#e5adabc8acf408f6385fc76495684c88e6af689a"
  integrity sha1-5a2ryKz0CPY4X8dklWhMiOavaJo=
